<?xml version="1.0" encoding="UTF-8"?>
<!DOCTYPE plist PUBLIC "-//Apple//DTD PLIST 1.0//EN" "http://www.apple.com/DTDs/PropertyList-1.0.dtd">
<plist version="1.0">
<dict>
	<key>archiveVersion</key>
	<string>1</string>
	<key>classes</key>
	<dict/>
	<key>objectVersion</key>
	<string>46</string>
	<key>objects</key>
	<dict>
		<key>294A0BD0510A48A797A2BE3C</key>
		<dict>
			<key>fileRef</key>
			<string>C9082CF0C8874C38A4DEB108</string>
			<key>isa</key>
			<string>PBXBuildFile</string>
		</dict>
		<key>4BA65AFEE46C4B749D9200A6</key>
		<dict>
			<key>includeInIndex</key>
			<string>1</string>
			<key>isa</key>
			<string>PBXFileReference</string>
			<key>lastKnownFileType</key>
			<string>text.xcconfig</string>
			<key>name</key>
			<string>Pods.xcconfig</string>
			<key>path</key>
			<string>Pods/Pods.xcconfig</string>
			<key>sourceTree</key>
			<string>&lt;group&gt;</string>
		</dict>
		<key>95D9D6495A8549AC8713E838</key>
		<dict>
			<key>buildActionMask</key>
			<string>2147483647</string>
			<key>files</key>
			<array/>
			<key>inputPaths</key>
			<array/>
			<key>isa</key>
			<string>PBXShellScriptBuildPhase</string>
			<key>name</key>
			<string>Copy Pods Resources</string>
			<key>outputPaths</key>
			<array/>
			<key>runOnlyForDeploymentPostprocessing</key>
			<string>0</string>
			<key>shellPath</key>
			<string>/bin/sh</string>
			<key>shellScript</key>
			<string>"${SRCROOT}/Pods/Pods-resources.sh"
</string>
			<key>showEnvVarsInLog</key>
			<string>0</string>
		</dict>
		<key>9C77C2E06E8449F29A188C7E</key>
		<dict>
			<key>buildActionMask</key>
			<string>2147483647</string>
			<key>files</key>
			<array/>
			<key>inputPaths</key>
			<array/>
			<key>isa</key>
			<string>PBXShellScriptBuildPhase</string>
			<key>name</key>
			<string>Check Pods Manifest.lock</string>
			<key>outputPaths</key>
			<array/>
			<key>runOnlyForDeploymentPostprocessing</key>
			<string>0</string>
			<key>shellPath</key>
			<string>/bin/sh</string>
			<key>shellScript</key>
			<string>diff "${PODS_ROOT}/../Podfile.lock" "${PODS_ROOT}/Manifest.lock" &gt; /dev/null
if [[ $? != 0 ]] ; then
    cat &lt;&lt; EOM
error: The sandbox is not in sync with the Podfile.lock. Run 'pod install' or update your CocoaPods installation.
EOM
    exit 1
fi
</string>
			<key>showEnvVarsInLog</key>
			<string>0</string>
		</dict>
		<key>C9082CF0C8874C38A4DEB108</key>
		<dict>
			<key>explicitFileType</key>
			<string>archive.ar</string>
			<key>includeInIndex</key>
			<string>0</string>
			<key>isa</key>
			<string>PBXFileReference</string>
			<key>path</key>
			<string>libPods.a</string>
			<key>sourceTree</key>
			<string>BUILT_PRODUCTS_DIR</string>
		</dict>
		<key>D2AC6987186AEF18004CBD0A</key>
		<dict>
			<key>children</key>
			<array>
				<string>D2AC69CA186AEF54004CBD0A</string>
				<string>D2AC6999186AEF18004CBD0A</string>
				<string>D2AC69B8186AEF18004CBD0A</string>
				<string>D2AC6992186AEF18004CBD0A</string>
				<string>D2AC6991186AEF18004CBD0A</string>
				<string>4BA65AFEE46C4B749D9200A6</string>
			</array>
			<key>isa</key>
			<string>PBXGroup</string>
			<key>sourceTree</key>
			<string>&lt;group&gt;</string>
		</dict>
		<key>D2AC6988186AEF18004CBD0A</key>
		<dict>
			<key>attributes</key>
			<dict>
				<key>LastUpgradeCheck</key>
				<string>0500</string>
				<key>ORGANIZATIONNAME</key>
				<string>conis</string>
				<key>TargetAttributes</key>
				<dict>
					<key>D2AC69B0186AEF18004CBD0A</key>
					<dict>
						<key>TestTargetID</key>
						<string>D2AC698F186AEF18004CBD0A</string>
					</dict>
				</dict>
			</dict>
			<key>buildConfigurationList</key>
			<string>D2AC698B186AEF18004CBD0A</string>
			<key>compatibilityVersion</key>
			<string>Xcode 3.2</string>
			<key>developmentRegion</key>
			<string>English</string>
			<key>hasScannedForEncodings</key>
			<string>0</string>
			<key>isa</key>
			<string>PBXProject</string>
			<key>knownRegions</key>
			<array>
				<string>en</string>
				<string>Base</string>
			</array>
			<key>mainGroup</key>
			<string>D2AC6987186AEF18004CBD0A</string>
			<key>productRefGroup</key>
			<string>D2AC6991186AEF18004CBD0A</string>
			<key>projectDirPath</key>
			<string></string>
			<key>projectReferences</key>
			<array/>
			<key>projectRoot</key>
			<string></string>
			<key>targets</key>
			<array>
				<string>D2AC698F186AEF18004CBD0A</string>
				<string>D2AC69B0186AEF18004CBD0A</string>
			</array>
		</dict>
		<key>D2AC698B186AEF18004CBD0A</key>
		<dict>
			<key>buildConfigurations</key>
			<array>
				<string>D2AC69C0186AEF18004CBD0A</string>
				<string>D2AC69C1186AEF18004CBD0A</string>
			</array>
			<key>defaultConfigurationIsVisible</key>
			<string>0</string>
			<key>defaultConfigurationName</key>
			<string>Release</string>
			<key>isa</key>
			<string>XCConfigurationList</string>
		</dict>
		<key>D2AC698C186AEF18004CBD0A</key>
		<dict>
			<key>buildActionMask</key>
			<string>2147483647</string>
			<key>files</key>
			<array>
				<string>D2AC69D3186AEF54004CBD0A</string>
				<string>D2AC69AA186AEF18004CBD0A</string>
				<string>D2AC69D2186AEF54004CBD0A</string>
				<string>D2AC69D4186AEF54004CBD0A</string>
				<string>D2AC69A4186AEF18004CBD0A</string>
				<string>D2AC69A0186AEF18004CBD0A</string>
			</array>
			<key>isa</key>
			<string>PBXSourcesBuildPhase</string>
			<key>runOnlyForDeploymentPostprocessing</key>
			<string>0</string>
		</dict>
		<key>D2AC698D186AEF18004CBD0A</key>
		<dict>
			<key>buildActionMask</key>
			<string>2147483647</string>
			<key>files</key>
			<array>
				<string>D2AC6996186AEF18004CBD0A</string>
				<string>D2AC6998186AEF18004CBD0A</string>
				<string>D2AC6994186AEF18004CBD0A</string>
				<string>294A0BD0510A48A797A2BE3C</string>
			</array>
			<key>isa</key>
			<string>PBXFrameworksBuildPhase</string>
			<key>runOnlyForDeploymentPostprocessing</key>
			<string>0</string>
		</dict>
		<key>D2AC698E186AEF18004CBD0A</key>
		<dict>
			<key>buildActionMask</key>
			<string>2147483647</string>
			<key>files</key>
			<array>
				<string>D2AC69AC186AEF18004CBD0A</string>
				<string>D2AC699E186AEF18004CBD0A</string>
				<string>D2AC69C9186AEF41004CBD0A</string>
				<string>D2AC69A7186AEF18004CBD0A</string>
			</array>
			<key>isa</key>
			<string>PBXResourcesBuildPhase</string>
			<key>runOnlyForDeploymentPostprocessing</key>
			<string>0</string>
		</dict>
		<key>D2AC698F186AEF18004CBD0A</key>
		<dict>
			<key>buildConfigurationList</key>
			<string>D2AC69C2186AEF18004CBD0A</string>
			<key>buildPhases</key>
			<array>
				<string>9C77C2E06E8449F29A188C7E</string>
				<string>D2AC698C186AEF18004CBD0A</string>
				<string>D2AC698D186AEF18004CBD0A</string>
				<string>D2AC698E186AEF18004CBD0A</string>
				<string>95D9D6495A8549AC8713E838</string>
			</array>
			<key>buildRules</key>
			<array/>
			<key>dependencies</key>
			<array/>
			<key>isa</key>
			<string>PBXNativeTarget</string>
			<key>name</key>
			<string>PeakCategory-Samples</string>
			<key>productName</key>
			<string>PeakCategory-Samples</string>
			<key>productReference</key>
			<string>D2AC6990186AEF18004CBD0A</string>
			<key>productType</key>
			<string>com.apple.product-type.application</string>
		</dict>
		<key>D2AC6990186AEF18004CBD0A</key>
		<dict>
			<key>explicitFileType</key>
			<string>wrapper.application</string>
			<key>includeInIndex</key>
			<string>0</string>
			<key>isa</key>
			<string>PBXFileReference</string>
			<key>path</key>
			<string>PeakCategory-Samples.app</string>
			<key>sourceTree</key>
			<string>BUILT_PRODUCTS_DIR</string>
		</dict>
		<key>D2AC6991186AEF18004CBD0A</key>
		<dict>
			<key>children</key>
			<array>
				<string>D2AC6990186AEF18004CBD0A</string>
				<string>D2AC69B1186AEF18004CBD0A</string>
			</array>
			<key>isa</key>
			<string>PBXGroup</string>
			<key>name</key>
			<string>Products</string>
			<key>sourceTree</key>
			<string>&lt;group&gt;</string>
		</dict>
		<key>D2AC6992186AEF18004CBD0A</key>
		<dict>
			<key>children</key>
			<array>
				<string>D2AC6993186AEF18004CBD0A</string>
				<string>D2AC6995186AEF18004CBD0A</string>
				<string>D2AC6997186AEF18004CBD0A</string>
				<string>D2AC69B2186AEF18004CBD0A</string>
				<string>C9082CF0C8874C38A4DEB108</string>
			</array>
			<key>isa</key>
			<string>PBXGroup</string>
			<key>name</key>
			<string>Frameworks</string>
			<key>sourceTree</key>
			<string>&lt;group&gt;</string>
		</dict>
		<key>D2AC6993186AEF18004CBD0A</key>
		<dict>
			<key>isa</key>
			<string>PBXFileReference</string>
			<key>lastKnownFileType</key>
			<string>wrapper.framework</string>
			<key>name</key>
			<string>Foundation.framework</string>
			<key>path</key>
			<string>System/Library/Frameworks/Foundation.framework</string>
			<key>sourceTree</key>
			<string>SDKROOT</string>
		</dict>
		<key>D2AC6994186AEF18004CBD0A</key>
		<dict>
			<key>fileRef</key>
			<string>D2AC6993186AEF18004CBD0A</string>
			<key>isa</key>
			<string>PBXBuildFile</string>
		</dict>
		<key>D2AC6995186AEF18004CBD0A</key>
		<dict>
			<key>isa</key>
			<string>PBXFileReference</string>
			<key>lastKnownFileType</key>
			<string>wrapper.framework</string>
			<key>name</key>
			<string>CoreGraphics.framework</string>
			<key>path</key>
			<string>System/Library/Frameworks/CoreGraphics.framework</string>
			<key>sourceTree</key>
			<string>SDKROOT</string>
		</dict>
		<key>D2AC6996186AEF18004CBD0A</key>
		<dict>
			<key>fileRef</key>
			<string>D2AC6995186AEF18004CBD0A</string>
			<key>isa</key>
			<string>PBXBuildFile</string>
		</dict>
		<key>D2AC6997186AEF18004CBD0A</key>
		<dict>
			<key>isa</key>
			<string>PBXFileReference</string>
			<key>lastKnownFileType</key>
			<string>wrapper.framework</string>
			<key>name</key>
			<string>UIKit.framework</string>
			<key>path</key>
			<string>System/Library/Frameworks/UIKit.framework</string>
			<key>sourceTree</key>
			<string>SDKROOT</string>
		</dict>
		<key>D2AC6998186AEF18004CBD0A</key>
		<dict>
			<key>fileRef</key>
			<string>D2AC6997186AEF18004CBD0A</string>
			<key>isa</key>
			<string>PBXBuildFile</string>
		</dict>
		<key>D2AC6999186AEF18004CBD0A</key>
		<dict>
			<key>children</key>
			<array>
				<string>D2AC69A2186AEF18004CBD0A</string>
				<string>D2AC69A3186AEF18004CBD0A</string>
				<string>D2AC69A5186AEF18004CBD0A</string>
				<string>D2AC69A8186AEF18004CBD0A</string>
				<string>D2AC69A9186AEF18004CBD0A</string>
				<string>D2AC69AB186AEF18004CBD0A</string>
				<string>D2AC699A186AEF18004CBD0A</string>
			</array>
			<key>isa</key>
			<string>PBXGroup</string>
			<key>path</key>
			<string>PeakCategory-Samples</string>
			<key>sourceTree</key>
			<string>&lt;group&gt;</string>
		</dict>
		<key>D2AC699A186AEF18004CBD0A</key>
		<dict>
			<key>children</key>
			<array>
				<string>D2AC69C8186AEF41004CBD0A</string>
				<string>D2AC699B186AEF18004CBD0A</string>
				<string>D2AC699C186AEF18004CBD0A</string>
				<string>D2AC699F186AEF18004CBD0A</string>
				<string>D2AC69A1186AEF18004CBD0A</string>
			</array>
			<key>isa</key>
			<string>PBXGroup</string>
			<key>name</key>
			<string>Supporting Files</string>
			<key>sourceTree</key>
			<string>&lt;group&gt;</string>
		</dict>
		<key>D2AC699B186AEF18004CBD0A</key>
		<dict>
			<key>isa</key>
			<string>PBXFileReference</string>
			<key>lastKnownFileType</key>
			<string>text.plist.xml</string>
			<key>path</key>
			<string>PeakCategory-Samples-Info.plist</string>
			<key>sourceTree</key>
			<string>&lt;group&gt;</string>
		</dict>
		<key>D2AC699C186AEF18004CBD0A</key>
		<dict>
			<key>children</key>
			<array>
				<string>D2AC699D186AEF18004CBD0A</string>
			</array>
			<key>isa</key>
			<string>PBXVariantGroup</string>
			<key>name</key>
			<string>InfoPlist.strings</string>
			<key>sourceTree</key>
			<string>&lt;group&gt;</string>
		</dict>
		<key>D2AC699D186AEF18004CBD0A</key>
		<dict>
			<key>isa</key>
			<string>PBXFileReference</string>
			<key>lastKnownFileType</key>
			<string>text.plist.strings</string>
			<key>name</key>
			<string>en</string>
			<key>path</key>
			<string>en.lproj/InfoPlist.strings</string>
			<key>sourceTree</key>
			<string>&lt;group&gt;</string>
		</dict>
		<key>D2AC699E186AEF18004CBD0A</key>
		<dict>
			<key>fileRef</key>
			<string>D2AC699C186AEF18004CBD0A</string>
			<key>isa</key>
			<string>PBXBuildFile</string>
		</dict>
		<key>D2AC699F186AEF18004CBD0A</key>
		<dict>
			<key>isa</key>
			<string>PBXFileReference</string>
			<key>lastKnownFileType</key>
			<string>sourcecode.c.objc</string>
			<key>path</key>
			<string>main.m</string>
			<key>sourceTree</key>
			<string>&lt;group&gt;</string>
		</dict>
		<key>D2AC69A0186AEF18004CBD0A</key>
		<dict>
			<key>fileRef</key>
			<string>D2AC699F186AEF18004CBD0A</string>
			<key>isa</key>
			<string>PBXBuildFile</string>
		</dict>
		<key>D2AC69A1186AEF18004CBD0A</key>
		<dict>
			<key>isa</key>
			<string>PBXFileReference</string>
			<key>lastKnownFileType</key>
			<string>sourcecode.c.h</string>
			<key>path</key>
			<string>PeakCategory-Samples-Prefix.pch</string>
			<key>sourceTree</key>
			<string>&lt;group&gt;</string>
		</dict>
		<key>D2AC69A2186AEF18004CBD0A</key>
		<dict>
			<key>isa</key>
			<string>PBXFileReference</string>
			<key>lastKnownFileType</key>
			<string>sourcecode.c.h</string>
			<key>path</key>
			<string>AppDelegate.h</string>
			<key>sourceTree</key>
			<string>&lt;group&gt;</string>
		</dict>
		<key>D2AC69A3186AEF18004CBD0A</key>
		<dict>
			<key>isa</key>
			<string>PBXFileReference</string>
			<key>lastKnownFileType</key>
			<string>sourcecode.c.objc</string>
			<key>path</key>
			<string>AppDelegate.m</string>
			<key>sourceTree</key>
			<string>&lt;group&gt;</string>
		</dict>
		<key>D2AC69A4186AEF18004CBD0A</key>
		<dict>
			<key>fileRef</key>
			<string>D2AC69A3186AEF18004CBD0A</string>
			<key>isa</key>
			<string>PBXBuildFile</string>
		</dict>
		<key>D2AC69A5186AEF18004CBD0A</key>
		<dict>
			<key>children</key>
			<array>
				<string>D2AC69A6186AEF18004CBD0A</string>
			</array>
			<key>isa</key>
			<string>PBXVariantGroup</string>
			<key>name</key>
			<string>Main.storyboard</string>
			<key>sourceTree</key>
			<string>&lt;group&gt;</string>
		</dict>
		<key>D2AC69A6186AEF18004CBD0A</key>
		<dict>
			<key>isa</key>
			<string>PBXFileReference</string>
			<key>lastKnownFileType</key>
			<string>file.storyboard</string>
			<key>name</key>
			<string>Base</string>
			<key>path</key>
			<string>Base.lproj/Main.storyboard</string>
			<key>sourceTree</key>
			<string>&lt;group&gt;</string>
		</dict>
		<key>D2AC69A7186AEF18004CBD0A</key>
		<dict>
			<key>fileRef</key>
			<string>D2AC69A5186AEF18004CBD0A</string>
			<key>isa</key>
			<string>PBXBuildFile</string>
		</dict>
		<key>D2AC69A8186AEF18004CBD0A</key>
		<dict>
			<key>isa</key>
			<string>PBXFileReference</string>
			<key>lastKnownFileType</key>
			<string>sourcecode.c.h</string>
			<key>path</key>
			<string>ViewController.h</string>
			<key>sourceTree</key>
			<string>&lt;group&gt;</string>
		</dict>
		<key>D2AC69A9186AEF18004CBD0A</key>
		<dict>
			<key>isa</key>
			<string>PBXFileReference</string>
			<key>lastKnownFileType</key>
			<string>sourcecode.c.objc</string>
			<key>path</key>
			<string>ViewController.m</string>
			<key>sourceTree</key>
			<string>&lt;group&gt;</string>
		</dict>
		<key>D2AC69AA186AEF18004CBD0A</key>
		<dict>
			<key>fileRef</key>
			<string>D2AC69A9186AEF18004CBD0A</string>
			<key>isa</key>
			<string>PBXBuildFile</string>
		</dict>
		<key>D2AC69AB186AEF18004CBD0A</key>
		<dict>
			<key>isa</key>
			<string>PBXFileReference</string>
			<key>lastKnownFileType</key>
			<string>folder.assetcatalog</string>
			<key>path</key>
			<string>Images.xcassets</string>
			<key>sourceTree</key>
			<string>&lt;group&gt;</string>
		</dict>
		<key>D2AC69AC186AEF18004CBD0A</key>
		<dict>
			<key>fileRef</key>
			<string>D2AC69AB186AEF18004CBD0A</string>
			<key>isa</key>
			<string>PBXBuildFile</string>
		</dict>
		<key>D2AC69AD186AEF18004CBD0A</key>
		<dict>
			<key>buildActionMask</key>
			<string>2147483647</string>
			<key>files</key>
			<array>
				<string>D2AC69BF186AEF18004CBD0A</string>
			</array>
			<key>isa</key>
			<string>PBXSourcesBuildPhase</string>
			<key>runOnlyForDeploymentPostprocessing</key>
			<string>0</string>
		</dict>
		<key>D2AC69AE186AEF18004CBD0A</key>
		<dict>
			<key>buildActionMask</key>
			<string>2147483647</string>
			<key>files</key>
			<array>
				<string>D2AC69B3186AEF18004CBD0A</string>
				<string>D2AC69B5186AEF18004CBD0A</string>
				<string>D2AC69B4186AEF18004CBD0A</string>
			</array>
			<key>isa</key>
			<string>PBXFrameworksBuildPhase</string>
			<key>runOnlyForDeploymentPostprocessing</key>
			<string>0</string>
		</dict>
		<key>D2AC69AF186AEF18004CBD0A</key>
		<dict>
			<key>buildActionMask</key>
			<string>2147483647</string>
			<key>files</key>
			<array>
				<string>D2AC69BD186AEF18004CBD0A</string>
			</array>
			<key>isa</key>
			<string>PBXResourcesBuildPhase</string>
			<key>runOnlyForDeploymentPostprocessing</key>
			<string>0</string>
		</dict>
		<key>D2AC69B0186AEF18004CBD0A</key>
		<dict>
			<key>buildConfigurationList</key>
			<string>D2AC69C5186AEF18004CBD0A</string>
			<key>buildPhases</key>
			<array>
				<string>D2AC69AD186AEF18004CBD0A</string>
				<string>D2AC69AE186AEF18004CBD0A</string>
				<string>D2AC69AF186AEF18004CBD0A</string>
			</array>
			<key>buildRules</key>
			<array/>
			<key>dependencies</key>
			<array>
				<string>D2AC69B7186AEF18004CBD0A</string>
			</array>
			<key>isa</key>
			<string>PBXNativeTarget</string>
			<key>name</key>
			<string>PeakCategory-SamplesTests</string>
			<key>productName</key>
			<string>PeakCategory-SamplesTests</string>
			<key>productReference</key>
			<string>D2AC69B1186AEF18004CBD0A</string>
			<key>productType</key>
			<string>com.apple.product-type.bundle.unit-test</string>
		</dict>
		<key>D2AC69B1186AEF18004CBD0A</key>
		<dict>
			<key>explicitFileType</key>
			<string>wrapper.cfbundle</string>
			<key>includeInIndex</key>
			<string>0</string>
			<key>isa</key>
			<string>PBXFileReference</string>
			<key>path</key>
			<string>PeakCategory-SamplesTests.xctest</string>
			<key>sourceTree</key>
			<string>BUILT_PRODUCTS_DIR</string>
		</dict>
		<key>D2AC69B2186AEF18004CBD0A</key>
		<dict>
			<key>isa</key>
			<string>PBXFileReference</string>
			<key>lastKnownFileType</key>
			<string>wrapper.framework</string>
			<key>name</key>
			<string>XCTest.framework</string>
			<key>path</key>
			<string>Library/Frameworks/XCTest.framework</string>
			<key>sourceTree</key>
			<string>DEVELOPER_DIR</string>
		</dict>
		<key>D2AC69B3186AEF18004CBD0A</key>
		<dict>
			<key>fileRef</key>
			<string>D2AC69B2186AEF18004CBD0A</string>
			<key>isa</key>
			<string>PBXBuildFile</string>
		</dict>
		<key>D2AC69B4186AEF18004CBD0A</key>
		<dict>
			<key>fileRef</key>
			<string>D2AC6993186AEF18004CBD0A</string>
			<key>isa</key>
			<string>PBXBuildFile</string>
		</dict>
		<key>D2AC69B5186AEF18004CBD0A</key>
		<dict>
			<key>fileRef</key>
			<string>D2AC6997186AEF18004CBD0A</string>
			<key>isa</key>
			<string>PBXBuildFile</string>
		</dict>
		<key>D2AC69B6186AEF18004CBD0A</key>
		<dict>
			<key>containerPortal</key>
			<string>D2AC6988186AEF18004CBD0A</string>
			<key>isa</key>
			<string>PBXContainerItemProxy</string>
			<key>proxyType</key>
			<string>1</string>
			<key>remoteGlobalIDString</key>
			<string>D2AC698F186AEF18004CBD0A</string>
			<key>remoteInfo</key>
			<string>PeakCategory-Samples</string>
		</dict>
		<key>D2AC69B7186AEF18004CBD0A</key>
		<dict>
			<key>isa</key>
			<string>PBXTargetDependency</string>
			<key>target</key>
			<string>D2AC698F186AEF18004CBD0A</string>
			<key>targetProxy</key>
			<string>D2AC69B6186AEF18004CBD0A</string>
		</dict>
		<key>D2AC69B8186AEF18004CBD0A</key>
		<dict>
			<key>children</key>
			<array>
				<string>D2AC69BE186AEF18004CBD0A</string>
				<string>D2AC69B9186AEF18004CBD0A</string>
			</array>
			<key>isa</key>
			<string>PBXGroup</string>
			<key>path</key>
			<string>PeakCategory-SamplesTests</string>
			<key>sourceTree</key>
			<string>&lt;group&gt;</string>
		</dict>
		<key>D2AC69B9186AEF18004CBD0A</key>
		<dict>
			<key>children</key>
			<array>
				<string>D2AC69BA186AEF18004CBD0A</string>
				<string>D2AC69BB186AEF18004CBD0A</string>
			</array>
			<key>isa</key>
			<string>PBXGroup</string>
			<key>name</key>
			<string>Supporting Files</string>
			<key>sourceTree</key>
			<string>&lt;group&gt;</string>
		</dict>
		<key>D2AC69BA186AEF18004CBD0A</key>
		<dict>
			<key>isa</key>
			<string>PBXFileReference</string>
			<key>lastKnownFileType</key>
			<string>text.plist.xml</string>
			<key>path</key>
			<string>PeakCategory-SamplesTests-Info.plist</string>
			<key>sourceTree</key>
			<string>&lt;group&gt;</string>
		</dict>
		<key>D2AC69BB186AEF18004CBD0A</key>
		<dict>
			<key>children</key>
			<array>
				<string>D2AC69BC186AEF18004CBD0A</string>
			</array>
			<key>isa</key>
			<string>PBXVariantGroup</string>
			<key>name</key>
			<string>InfoPlist.strings</string>
			<key>sourceTree</key>
			<string>&lt;group&gt;</string>
		</dict>
		<key>D2AC69BC186AEF18004CBD0A</key>
		<dict>
			<key>isa</key>
			<string>PBXFileReference</string>
			<key>lastKnownFileType</key>
			<string>text.plist.strings</string>
			<key>name</key>
			<string>en</string>
			<key>path</key>
			<string>en.lproj/InfoPlist.strings</string>
			<key>sourceTree</key>
			<string>&lt;group&gt;</string>
		</dict>
		<key>D2AC69BD186AEF18004CBD0A</key>
		<dict>
			<key>fileRef</key>
			<string>D2AC69BB186AEF18004CBD0A</string>
			<key>isa</key>
			<string>PBXBuildFile</string>
		</dict>
		<key>D2AC69BE186AEF18004CBD0A</key>
		<dict>
			<key>isa</key>
			<string>PBXFileReference</string>
			<key>lastKnownFileType</key>
			<string>sourcecode.c.objc</string>
			<key>path</key>
			<string>PeakCategory_SamplesTests.m</string>
			<key>sourceTree</key>
			<string>&lt;group&gt;</string>
		</dict>
		<key>D2AC69BF186AEF18004CBD0A</key>
		<dict>
			<key>fileRef</key>
			<string>D2AC69BE186AEF18004CBD0A</string>
			<key>isa</key>
			<string>PBXBuildFile</string>
		</dict>
		<key>D2AC69C0186AEF18004CBD0A</key>
		<dict>
			<key>buildSettings</key>
			<dict>
				<key>ALWAYS_SEARCH_USER_PATHS</key>
				<string>NO</string>
				<key>ARCHS</key>
				<string>$(ARCHS_STANDARD_INCLUDING_64_BIT)</string>
				<key>CLANG_CXX_LANGUAGE_STANDARD</key>
				<string>gnu++0x</string>
				<key>CLANG_CXX_LIBRARY</key>
				<string>libc++</string>
				<key>CLANG_ENABLE_MODULES</key>
				<string>YES</string>
				<key>CLANG_ENABLE_OBJC_ARC</key>
				<string>YES</string>
				<key>CLANG_WARN_BOOL_CONVERSION</key>
				<string>YES</string>
				<key>CLANG_WARN_CONSTANT_CONVERSION</key>
				<string>YES</string>
				<key>CLANG_WARN_DIRECT_OBJC_ISA_USAGE</key>
				<string>YES_ERROR</string>
				<key>CLANG_WARN_EMPTY_BODY</key>
				<string>YES</string>
				<key>CLANG_WARN_ENUM_CONVERSION</key>
				<string>YES</string>
				<key>CLANG_WARN_INT_CONVERSION</key>
				<string>YES</string>
				<key>CLANG_WARN_OBJC_ROOT_CLASS</key>
				<string>YES_ERROR</string>
				<key>CLANG_WARN__DUPLICATE_METHOD_MATCH</key>
				<string>YES</string>
				<key>CODE_SIGN_IDENTITY[sdk=iphoneos*]</key>
				<string>iPhone Developer</string>
				<key>COPY_PHASE_STRIP</key>
				<string>NO</string>
				<key>GCC_C_LANGUAGE_STANDARD</key>
				<string>gnu99</string>
				<key>GCC_DYNAMIC_NO_PIC</key>
				<string>NO</string>
				<key>GCC_OPTIMIZATION_LEVEL</key>
				<string>0</string>
				<key>GCC_PREPROCESSOR_DEFINITIONS</key>
				<array>
					<string>DEBUG=1</string>
					<string>$(inherited)</string>
				</array>
				<key>GCC_SYMBOLS_PRIVATE_EXTERN</key>
				<string>NO</string>
				<key>GCC_WARN_64_TO_32_BIT_CONVERSION</key>
				<string>YES</string>
				<key>GCC_WARN_ABOUT_RETURN_TYPE</key>
				<string>YES_ERROR</string>
				<key>GCC_WARN_UNDECLARED_SELECTOR</key>
				<string>YES</string>
				<key>GCC_WARN_UNINITIALIZED_AUTOS</key>
				<string>YES</string>
				<key>GCC_WARN_UNUSED_FUNCTION</key>
				<string>YES</string>
				<key>GCC_WARN_UNUSED_VARIABLE</key>
				<string>YES</string>
				<key>IPHONEOS_DEPLOYMENT_TARGET</key>
				<string>7.0</string>
				<key>ONLY_ACTIVE_ARCH</key>
				<string>YES</string>
				<key>SDKROOT</key>
				<string>iphoneos</string>
			</dict>
			<key>isa</key>
			<string>XCBuildConfiguration</string>
			<key>name</key>
			<string>Debug</string>
		</dict>
		<key>D2AC69C1186AEF18004CBD0A</key>
		<dict>
			<key>buildSettings</key>
			<dict>
				<key>ALWAYS_SEARCH_USER_PATHS</key>
				<string>NO</string>
				<key>ARCHS</key>
				<string>$(ARCHS_STANDARD_INCLUDING_64_BIT)</string>
				<key>CLANG_CXX_LANGUAGE_STANDARD</key>
				<string>gnu++0x</string>
				<key>CLANG_CXX_LIBRARY</key>
				<string>libc++</string>
				<key>CLANG_ENABLE_MODULES</key>
				<string>YES</string>
				<key>CLANG_ENABLE_OBJC_ARC</key>
				<string>YES</string>
				<key>CLANG_WARN_BOOL_CONVERSION</key>
				<string>YES</string>
				<key>CLANG_WARN_CONSTANT_CONVERSION</key>
				<string>YES</string>
				<key>CLANG_WARN_DIRECT_OBJC_ISA_USAGE</key>
				<string>YES_ERROR</string>
				<key>CLANG_WARN_EMPTY_BODY</key>
				<string>YES</string>
				<key>CLANG_WARN_ENUM_CONVERSION</key>
				<string>YES</string>
				<key>CLANG_WARN_INT_CONVERSION</key>
				<string>YES</string>
				<key>CLANG_WARN_OBJC_ROOT_CLASS</key>
				<string>YES_ERROR</string>
				<key>CLANG_WARN__DUPLICATE_METHOD_MATCH</key>
				<string>YES</string>
				<key>CODE_SIGN_IDENTITY[sdk=iphoneos*]</key>
				<string>iPhone Developer</string>
				<key>COPY_PHASE_STRIP</key>
				<string>YES</string>
				<key>ENABLE_NS_ASSERTIONS</key>
				<string>NO</string>
				<key>GCC_C_LANGUAGE_STANDARD</key>
				<string>gnu99</string>
				<key>GCC_WARN_64_TO_32_BIT_CONVERSION</key>
				<string>YES</string>
				<key>GCC_WARN_ABOUT_RETURN_TYPE</key>
				<string>YES_ERROR</string>
				<key>GCC_WARN_UNDECLARED_SELECTOR</key>
				<string>YES</string>
				<key>GCC_WARN_UNINITIALIZED_AUTOS</key>
				<string>YES</string>
				<key>GCC_WARN_UNUSED_FUNCTION</key>
				<string>YES</string>
				<key>GCC_WARN_UNUSED_VARIABLE</key>
				<string>YES</string>
				<key>IPHONEOS_DEPLOYMENT_TARGET</key>
				<string>7.0</string>
				<key>SDKROOT</key>
				<string>iphoneos</string>
				<key>VALIDATE_PRODUCT</key>
				<string>YES</string>
			</dict>
			<key>isa</key>
			<string>XCBuildConfiguration</string>
			<key>name</key>
			<string>Release</string>
		</dict>
		<key>D2AC69C2186AEF18004CBD0A</key>
		<dict>
			<key>buildConfigurations</key>
			<array>
				<string>D2AC69C3186AEF18004CBD0A</string>
				<string>D2AC69C4186AEF18004CBD0A</string>
			</array>
			<key>defaultConfigurationIsVisible</key>
			<string>0</string>
			<key>isa</key>
			<string>XCConfigurationList</string>
		</dict>
		<key>D2AC69C3186AEF18004CBD0A</key>
		<dict>
			<key>baseConfigurationReference</key>
			<string>4BA65AFEE46C4B749D9200A6</string>
			<key>buildSettings</key>
			<dict>
				<key>ASSETCATALOG_COMPILER_APPICON_NAME</key>
				<string>AppIcon</string>
				<key>ASSETCATALOG_COMPILER_LAUNCHIMAGE_NAME</key>
				<string>LaunchImage</string>
				<key>GCC_PRECOMPILE_PREFIX_HEADER</key>
				<string>YES</string>
				<key>GCC_PREFIX_HEADER</key>
				<string>PeakCategory-Samples/PeakCategory-Samples-Prefix.pch</string>
				<key>INFOPLIST_FILE</key>
				<string>PeakCategory-Samples/PeakCategory-Samples-Info.plist</string>
				<key>PRODUCT_NAME</key>
				<string>$(TARGET_NAME)</string>
				<key>WRAPPER_EXTENSION</key>
				<string>app</string>
			</dict>
			<key>isa</key>
			<string>XCBuildConfiguration</string>
			<key>name</key>
			<string>Debug</string>
		</dict>
		<key>D2AC69C4186AEF18004CBD0A</key>
		<dict>
			<key>baseConfigurationReference</key>
			<string>4BA65AFEE46C4B749D9200A6</string>
			<key>buildSettings</key>
			<dict>
				<key>ASSETCATALOG_COMPILER_APPICON_NAME</key>
				<string>AppIcon</string>
				<key>ASSETCATALOG_COMPILER_LAUNCHIMAGE_NAME</key>
				<string>LaunchImage</string>
				<key>GCC_PRECOMPILE_PREFIX_HEADER</key>
				<string>YES</string>
				<key>GCC_PREFIX_HEADER</key>
				<string>PeakCategory-Samples/PeakCategory-Samples-Prefix.pch</string>
				<key>INFOPLIST_FILE</key>
				<string>PeakCategory-Samples/PeakCategory-Samples-Info.plist</string>
				<key>PRODUCT_NAME</key>
				<string>$(TARGET_NAME)</string>
				<key>WRAPPER_EXTENSION</key>
				<string>app</string>
			</dict>
			<key>isa</key>
			<string>XCBuildConfiguration</string>
			<key>name</key>
			<string>Release</string>
		</dict>
		<key>D2AC69C5186AEF18004CBD0A</key>
		<dict>
			<key>buildConfigurations</key>
			<array>
				<string>D2AC69C6186AEF18004CBD0A</string>
				<string>D2AC69C7186AEF18004CBD0A</string>
			</array>
			<key>defaultConfigurationIsVisible</key>
			<string>0</string>
			<key>isa</key>
			<string>XCConfigurationList</string>
		</dict>
		<key>D2AC69C6186AEF18004CBD0A</key>
		<dict>
			<key>buildSettings</key>
			<dict>
				<key>ARCHS</key>
				<string>$(ARCHS_STANDARD_INCLUDING_64_BIT)</string>
				<key>BUNDLE_LOADER</key>
				<string>$(BUILT_PRODUCTS_DIR)/PeakCategory-Samples.app/PeakCategory-Samples</string>
				<key>FRAMEWORK_SEARCH_PATHS</key>
				<array>
					<string>$(SDKROOT)/Developer/Library/Frameworks</string>
					<string>$(inherited)</string>
					<string>$(DEVELOPER_FRAMEWORKS_DIR)</string>
				</array>
				<key>GCC_PRECOMPILE_PREFIX_HEADER</key>
				<string>YES</string>
				<key>GCC_PREFIX_HEADER</key>
				<string>PeakCategory-Samples/PeakCategory-Samples-Prefix.pch</string>
				<key>GCC_PREPROCESSOR_DEFINITIONS</key>
				<array>
					<string>DEBUG=1</string>
					<string>$(inherited)</string>
				</array>
				<key>INFOPLIST_FILE</key>
				<string>PeakCategory-SamplesTests/PeakCategory-SamplesTests-Info.plist</string>
				<key>PRODUCT_NAME</key>
				<string>$(TARGET_NAME)</string>
				<key>TEST_HOST</key>
				<string>$(BUNDLE_LOADER)</string>
				<key>WRAPPER_EXTENSION</key>
				<string>xctest</string>
			</dict>
			<key>isa</key>
			<string>XCBuildConfiguration</string>
			<key>name</key>
			<string>Debug</string>
		</dict>
		<key>D2AC69C7186AEF18004CBD0A</key>
		<dict>
			<key>buildSettings</key>
			<dict>
				<key>ARCHS</key>
				<string>$(ARCHS_STANDARD_INCLUDING_64_BIT)</string>
				<key>BUNDLE_LOADER</key>
				<string>$(BUILT_PRODUCTS_DIR)/PeakCategory-Samples.app/PeakCategory-Samples</string>
				<key>FRAMEWORK_SEARCH_PATHS</key>
				<array>
					<string>$(SDKROOT)/Developer/Library/Frameworks</string>
					<string>$(inherited)</string>
					<string>$(DEVELOPER_FRAMEWORKS_DIR)</string>
				</array>
				<key>GCC_PRECOMPILE_PREFIX_HEADER</key>
				<string>YES</string>
				<key>GCC_PREFIX_HEADER</key>
				<string>PeakCategory-Samples/PeakCategory-Samples-Prefix.pch</string>
				<key>INFOPLIST_FILE</key>
				<string>PeakCategory-SamplesTests/PeakCategory-SamplesTests-Info.plist</string>
				<key>PRODUCT_NAME</key>
				<string>$(TARGET_NAME)</string>
				<key>TEST_HOST</key>
				<string>$(BUNDLE_LOADER)</string>
				<key>WRAPPER_EXTENSION</key>
				<string>xctest</string>
			</dict>
			<key>isa</key>
			<string>XCBuildConfiguration</string>
			<key>name</key>
			<string>Release</string>
		</dict>
		<key>D2AC69C8186AEF41004CBD0A</key>
		<dict>
			<key>fileEncoding</key>
			<string>4</string>
			<key>isa</key>
			<string>PBXFileReference</string>
			<key>lastKnownFileType</key>
			<string>text</string>
			<key>path</key>
			<string>Podfile</string>
			<key>sourceTree</key>
			<string>SOURCE_ROOT</string>
		</dict>
		<key>D2AC69C9186AEF41004CBD0A</key>
		<dict>
			<key>fileRef</key>
			<string>D2AC69C8186AEF41004CBD0A</string>
			<key>isa</key>
			<string>PBXBuildFile</string>
		</dict>
		<key>D2AC69CA186AEF54004CBD0A</key>
		<dict>
			<key>children</key>
			<array>
				<string>D2AC69CB186AEF54004CBD0A</string>
				<string>D2AC69CC186AEF54004CBD0A</string>
				<string>D2AC69CD186AEF54004CBD0A</string>
				<string>D2AC69CE186AEF54004CBD0A</string>
				<string>D2AC69CF186AEF54004CBD0A</string>
				<string>D2AC69D0186AEF54004CBD0A</string>
				<string>D2AC69D1186AEF54004CBD0A</string>
			</array>
			<key>isa</key>
			<string>PBXGroup</string>
			<key>name</key>
			<string>PeakCategory</string>
			<key>path</key>
			<string>../PeakCategory</string>
			<key>sourceTree</key>
			<string>&lt;group&gt;</string>
		</dict>
		<key>D2AC69CB186AEF54004CBD0A</key>
		<dict>
			<key>fileEncoding</key>
			<string>4</string>
			<key>isa</key>
			<string>PBXFileReference</string>
			<key>lastKnownFileType</key>
			<string>sourcecode.c.h</string>
			<key>path</key>
			<string>NSDictionary+Merge.h</string>
			<key>sourceTree</key>
			<string>&lt;group&gt;</string>
		</dict>
		<key>D2AC69CC186AEF54004CBD0A</key>
		<dict>
			<key>fileEncoding</key>
			<string>4</string>
			<key>isa</key>
			<string>PBXFileReference</string>
			<key>lastKnownFileType</key>
			<string>sourcecode.c.objc</string>
			<key>path</key>
			<string>NSDictionary+Merge.m</string>
			<key>sourceTree</key>
			<string>&lt;group&gt;</string>
		</dict>
		<key>D2AC69CD186AEF54004CBD0A</key>
		<dict>
			<key>fileEncoding</key>
			<string>4</string>
			<key>isa</key>
			<string>PBXFileReference</string>
			<key>lastKnownFileType</key>
			<string>sourcecode.c.h</string>
			<key>path</key>
			<string>NSString+Peak.h</string>
			<key>sourceTree</key>
			<string>&lt;group&gt;</string>
		</dict>
		<key>D2AC69CE186AEF54004CBD0A</key>
		<dict>
			<key>fileEncoding</key>
			<string>4</string>
			<key>isa</key>
			<string>PBXFileReference</string>
			<key>lastKnownFileType</key>
			<string>sourcecode.c.objc</string>
			<key>path</key>
			<string>NSString+Peak.m</string>
			<key>sourceTree</key>
			<string>&lt;group&gt;</string>
		</dict>
		<key>D2AC69CF186AEF54004CBD0A</key>
		<dict>
			<key>fileEncoding</key>
			<string>4</string>
			<key>isa</key>
			<string>PBXFileReference</string>
			<key>lastKnownFileType</key>
			<string>sourcecode.c.h</string>
			<key>path</key>
			<string>PeakCategory.h</string>
			<key>sourceTree</key>
			<string>&lt;group&gt;</string>
		</dict>
		<key>D2AC69D0186AEF54004CBD0A</key>
		<dict>
			<key>fileEncoding</key>
			<string>4</string>
			<key>isa</key>
			<string>PBXFileReference</string>
			<key>lastKnownFileType</key>
			<string>sourcecode.c.h</string>
			<key>path</key>
			<string>UIView+Peak.h</string>
			<key>sourceTree</key>
			<string>&lt;group&gt;</string>
		</dict>
		<key>D2AC69D1186AEF54004CBD0A</key>
		<dict>
			<key>fileEncoding</key>
			<string>4</string>
			<key>isa</key>
			<string>PBXFileReference</string>
			<key>lastKnownFileType</key>
			<string>sourcecode.c.objc</string>
			<key>path</key>
			<string>UIView+Peak.m</string>
			<key>sourceTree</key>
			<string>&lt;group&gt;</string>
		</dict>
		<key>D2AC69D2186AEF54004CBD0A</key>
		<dict>
			<key>fileRef</key>
			<string>D2AC69CC186AEF54004CBD0A</string>
			<key>isa</key>
			<string>PBXBuildFile</string>
		</dict>
		<key>D2AC69D3186AEF54004CBD0A</key>
		<dict>
			<key>fileRef</key>
			<string>D2AC69CE186AEF54004CBD0A</string>
			<key>isa</key>
			<string>PBXBuildFile</string>
		</dict>
		<key>D2AC69D4186AEF54004CBD0A</key>
		<dict>
			<key>fileRef</key>
			<string>D2AC69D1186AEF54004CBD0A</string>
			<key>isa</key>
			<string>PBXBuildFile</string>
		</dict>
	</dict>
	<key>rootObject</key>
	<string>D2AC6988186AEF18004CBD0A</string>
</dict>
</plist>
